
Microsoft Visual Studio Solution File, Format Version 12.00
# Visual Studio Version 16
VisualStudioVersion = 16.0.31624.102
MinimumVisualStudioVersion = 10.0.40219.1
Project("{FAE04EC0-301F-11D3-BF4B-00C04F79EFBC}") = "Lesson5", "Lesson5\Lesson5.csproj", "{422415EC-81BB-41EF-93DF-A078AA3E457D}"
EndProject
Global
	GlobalSection(SolutionConfigurationPlatforms) = preSolution
		Debug|Any CPU = Debug|Any CPU
		Release|Any CPU = Release|Any CPU
	EndGlobalSection
	GlobalSection(ProjectConfigurationPlatforms) = postSolution
		{422415EC-81BB-41EF-93DF-A078AA3E457D}.Debug|Any CPU.ActiveCfg = Debug|Any CPU
		{422415EC-81BB-41EF-93DF-A078AA3E457D}.Debug|Any CPU.Build.0 = Debug|Any CPU
		{422415EC-81BB-41EF-93DF-A078AA3E457D}.Release|Any CPU.ActiveCfg = Release|Any CPU
		{422415EC-81BB-41EF-93DF-A078AA3E457D}.Release|Any CPU.Build.0 = Release|Any CPU
	EndGlobalSection
	GlobalSection(SolutionProperties) = preSolution
		HideSolutionNode = FALSE
	EndGlobalSection
	GlobalSection(ExtensibilityGlobals) = postSolution
		SolutionGuid = {F7EAC019-DE87-409D-AA6F-EEDDC1AE203A}
	EndGlobalSection
EndGlobal
