
Microsoft Visual Studio Solution File, Format Version 12.00
# Visual Studio Version 16
VisualStudioVersion = 16.0.31727.386
MinimumVisualStudioVersion = 10.0.40219.1
Project("{FAE04EC0-301F-11D3-BF4B-00C04F79EFBC}") = "Lesson6", "Lesson6\Lesson6.csproj", "{938315F2-F6BA-4BFB-8EB8-FEC56C4F87AE}"
EndProject
Global
	GlobalSection(SolutionConfigurationPlatforms) = preSolution
		Debug|Any CPU = Debug|Any CPU
		Release|Any CPU = Release|Any CPU
	EndGlobalSection
	GlobalSection(ProjectConfigurationPlatforms) = postSolution
		{938315F2-F6BA-4BFB-8EB8-FEC56C4F87AE}.Debug|Any CPU.ActiveCfg = Debug|Any CPU
		{938315F2-F6BA-4BFB-8EB8-FEC56C4F87AE}.Debug|Any CPU.Build.0 = Debug|Any CPU
		{938315F2-F6BA-4BFB-8EB8-FEC56C4F87AE}.Release|Any CPU.ActiveCfg = Release|Any CPU
		{938315F2-F6BA-4BFB-8EB8-FEC56C4F87AE}.Release|Any CPU.Build.0 = Release|Any CPU
	EndGlobalSection
	GlobalSection(SolutionProperties) = preSolution
		HideSolutionNode = FALSE
	EndGlobalSection
	GlobalSection(ExtensibilityGlobals) = postSolution
		SolutionGuid = {33CD92CB-6420-49F9-A281-80CF9EB334BE}
	EndGlobalSection
EndGlobal
