
Microsoft Visual Studio Solution File, Format Version 12.00
# Visual Studio Version 16
VisualStudioVersion = 16.0.31624.102
MinimumVisualStudioVersion = 10.0.40219.1
Project("{FAE04EC0-301F-11D3-BF4B-00C04F79EFBC}") = "HelloWorld", "HelloWorld\HelloWorld.csproj", "{83E4692F-0390-4477-9153-934A60D23DAB}"
EndProject
Global
	GlobalSection(SolutionConfigurationPlatforms) = preSolution
		Debug|Any CPU = Debug|Any CPU
		Release|Any CPU = Release|Any CPU
	EndGlobalSection
	GlobalSection(ProjectConfigurationPlatforms) = postSolution
		{83E4692F-0390-4477-9153-934A60D23DAB}.Debug|Any CPU.ActiveCfg = Debug|Any CPU
		{83E4692F-0390-4477-9153-934A60D23DAB}.Debug|Any CPU.Build.0 = Debug|Any CPU
		{83E4692F-0390-4477-9153-934A60D23DAB}.Release|Any CPU.ActiveCfg = Release|Any CPU
		{83E4692F-0390-4477-9153-934A60D23DAB}.Release|Any CPU.Build.0 = Release|Any CPU
	EndGlobalSection
	GlobalSection(SolutionProperties) = preSolution
		HideSolutionNode = FALSE
	EndGlobalSection
	GlobalSection(ExtensibilityGlobals) = postSolution
		SolutionGuid = {97714C10-6595-44F1-B49F-BD30EE714B99}
	EndGlobalSection
EndGlobal
